
Microsoft Visual Studio Solution File, Format Version 12.00
# Visual Studio 15
VisualStudioVersion = 15.0.28307.421
MinimumVisualStudioVersion = 10.0.40219.1
Project("{FAE04EC0-301F-11D3-BF4B-00C04F79EFBC}") = "Lab1PlaceGroup", "Lab1PlaceGroup\Lab1PlaceGroup.csproj", "{E6D73C83-E66E-4E40-AD8C-D8D3B8FEDF90}"
EndProject
Global
	GlobalSection(SolutionConfigurationPlatforms) = preSolution
		Debug|Any CPU = Debug|Any CPU
		Release|Any CPU = Release|Any CPU
	EndGlobalSection
	GlobalSection(ProjectConfigurationPlatforms) = postSolution
		{E6D73C83-E66E-4E40-AD8C-D8D3B8FEDF90}.Debug|Any CPU.ActiveCfg = Debug|Any CPU
		{E6D73C83-E66E-4E40-AD8C-D8D3B8FEDF90}.Debug|Any CPU.Build.0 = Debug|Any CPU
		{E6D73C83-E66E-4E40-AD8C-D8D3B8FEDF90}.Release|Any CPU.ActiveCfg = Release|Any CPU
		{E6D73C83-E66E-4E40-AD8C-D8D3B8FEDF90}.Release|Any CPU.Build.0 = Release|Any CPU
	EndGlobalSection
	GlobalSection(SolutionProperties) = preSolution
		HideSolutionNode = FALSE
	EndGlobalSection
	GlobalSection(ExtensibilityGlobals) = postSolution
		SolutionGuid = {5249F2CC-0BAB-4229-BD00-EA944B1E7914}
	EndGlobalSection
EndGlobal
